
Microsoft Visual Studio Solution File, Format Version 12.00
# Visual Studio Version 17
VisualStudioVersion = 17.0.31903.59
MinimumVisualStudioVersion = 10.0.40219.1
Project("{2150E333-8FDC-42A3-9474-1A3956D46DE8}") = "src", "src", "{BE6CF7A1-F3BD-4A64-8679-979D88257715}"
EndProject
Project("{FAE04EC0-301F-11D3-BF4B-00C04F79EFBC}") = "Core", "src\Core\Core.csproj", "{4A805BA0-52AF-43A4-B4EF-6F5347BC01D1}"
EndProject
Project("{FAE04EC0-301F-11D3-BF4B-00C04F79EFBC}") = "UI", "src\UI\UI.csproj", "{80C03E4A-7DB8-4549-AB66-13D77D5E978B}"
EndProject
Project("{FAE04EC0-301F-11D3-BF4B-00C04F79EFBC}") = "APISwitch", "src\APISwitch\APISwitch.csproj", "{68286916-AB5D-4D74-81C0-03463ADACAC4}"
EndProject
Global
	GlobalSection(SolutionConfigurationPlatforms) = preSolution
		Debug|Any CPU = Debug|Any CPU
		Release|Any CPU = Release|Any CPU
	EndGlobalSection
	GlobalSection(SolutionProperties) = preSolution
		HideSolutionNode = FALSE
	EndGlobalSection
	GlobalSection(ProjectConfigurationPlatforms) = postSolution
		{4A805BA0-52AF-43A4-B4EF-6F5347BC01D1}.Debug|Any CPU.ActiveCfg = Debug|Any CPU
		{4A805BA0-52AF-43A4-B4EF-6F5347BC01D1}.Debug|Any CPU.Build.0 = Debug|Any CPU
		{4A805BA0-52AF-43A4-B4EF-6F5347BC01D1}.Release|Any CPU.ActiveCfg = Release|Any CPU
		{4A805BA0-52AF-43A4-B4EF-6F5347BC01D1}.Release|Any CPU.Build.0 = Release|Any CPU
		{80C03E4A-7DB8-4549-AB66-13D77D5E978B}.Debug|Any CPU.ActiveCfg = Debug|Any CPU
		{80C03E4A-7DB8-4549-AB66-13D77D5E978B}.Debug|Any CPU.Build.0 = Debug|Any CPU
		{80C03E4A-7DB8-4549-AB66-13D77D5E978B}.Release|Any CPU.ActiveCfg = Release|Any CPU
		{80C03E4A-7DB8-4549-AB66-13D77D5E978B}.Release|Any CPU.Build.0 = Release|Any CPU
		{68286916-AB5D-4D74-81C0-03463ADACAC4}.Debug|Any CPU.ActiveCfg = Debug|Any CPU
		{68286916-AB5D-4D74-81C0-03463ADACAC4}.Debug|Any CPU.Build.0 = Debug|Any CPU
		{68286916-AB5D-4D74-81C0-03463ADACAC4}.Release|Any CPU.ActiveCfg = Release|Any CPU
		{68286916-AB5D-4D74-81C0-03463ADACAC4}.Release|Any CPU.Build.0 = Release|Any CPU
	EndGlobalSection
	GlobalSection(NestedProjects) = preSolution
		{4A805BA0-52AF-43A4-B4EF-6F5347BC01D1} = {BE6CF7A1-F3BD-4A64-8679-979D88257715}
		{80C03E4A-7DB8-4549-AB66-13D77D5E978B} = {BE6CF7A1-F3BD-4A64-8679-979D88257715}
		{68286916-AB5D-4D74-81C0-03463ADACAC4} = {BE6CF7A1-F3BD-4A64-8679-979D88257715}
	EndGlobalSection
EndGlobal
